// !$*UTF8*$!
{
	archiveVersion = 1;
	classes = {
	};
	objectVersion = 50;
	objects = {

/* Begin PBXBuildFile section */
		C53A907826D1ED4A004109B1 /* main.swift in Sources */ = {isa = PBXBuildFile; fileRef = C53A907726D1ED4A004109B1 /* main.swift */; };
		C53A908526D1ED7A004109B1 /* main.swift in Sources */ = {isa = PBXBuildFile; fileRef = C53A908426D1ED7A004109B1 /* main.swift */; };
		C53A909026D1EE0B004109B1 /* main.swift in Sources */ = {isa = PBXBuildFile; fileRef = C53A908F26D1EE0B004109B1 /* main.swift */; };
		C53A909B26D1EE7C004109B1 /* main.swift in Sources */ = {isa = PBXBuildFile; fileRef = C53A909A26D1EE7C004109B1 /* main.swift */; };
		C53A90A626D1F0E1004109B1 /* main.swift in Sources */ = {isa = PBXBuildFile; fileRef = C53A90A526D1F0E1004109B1 /* main.swift */; };
		C5656FCD26DA7A39009013D6 /* main.swift in Sources */ = {isa = PBXBuildFile; fileRef = C5656FCC26DA7A39009013D6 /* main.swift */; };
		C5656FD826DD0B63009013D6 /* main.swift in Sources */ = {isa = PBXBuildFile; fileRef = C5656FD726DD0B63009013D6 /* main.swift */; };
		C5656FE326DFC8C3009013D6 /* main.swift in Sources */ = {isa = PBXBuildFile; fileRef = C5656FE226DFC8C3009013D6 /* main.swift */; };
		C5656FEE26E1179F009013D6 /* main.swift in Sources */ = {isa = PBXBuildFile; fileRef = C5656FED26E1179F009013D6 /* main.swift */; };
		C5656FF926E268D4009013D6 /* main.swift in Sources */ = {isa = PBXBuildFile; fileRef = C5656FF826E268D4009013D6 /* main.swift */; };
		C565700426E36CA1009013D6 /* main.swift in Sources */ = {isa = PBXBuildFile; fileRef = C565700326E36CA1009013D6 /* main.swift */; };
		C565702D26E50792009013D6 /* main.swift in Sources */ = {isa = PBXBuildFile; fileRef = C565702C26E50792009013D6 /* main.swift */; };
		C565703826E6613F009013D6 /* main.swift in Sources */ = {isa = PBXBuildFile; fileRef = C565703726E6613F009013D6 /* main.swift */; };
		C565704E26E7AF62009013D6 /* main.swift in Sources */ = {isa = PBXBuildFile; fileRef = C565704D26E7AF62009013D6 /* main.swift */; };
		C57BFBC426D9239900FA90AB /* main.swift in Sources */ = {isa = PBXBuildFile; fileRef = C57BFBC326D9239900FA90AB /* main.swift */; };
		C5801A5D26D5382F005C69C1 /* main.swift in Sources */ = {isa = PBXBuildFile; fileRef = C5801A5C26D5382F005C69C1 /* main.swift */; };
/* End PBXBuildFile section */

/* Begin PBXCopyFilesBuildPhase section */
		C53A907226D1ED4A004109B1 /* CopyFiles */ = {
			isa = PBXCopyFilesBuildPhase;
			buildActionMask = 2147483647;
			dstPath = /usr/share/man/man1/;
			dstSubfolderSpec = 0;
			files = (
			);
			runOnlyForDeploymentPostprocessing = 1;
		};
		C53A908026D1ED7A004109B1 /* CopyFiles */ = {
			isa = PBXCopyFilesBuildPhase;
			buildActionMask = 2147483647;
			dstPath = /usr/share/man/man1/;
			dstSubfolderSpec = 0;
			files = (
			);
			runOnlyForDeploymentPostprocessing = 1;
		};
		C53A908B26D1EE0B004109B1 /* CopyFiles */ = {
			isa = PBXCopyFilesBuildPhase;
			buildActionMask = 2147483647;
			dstPath = /usr/share/man/man1/;
			dstSubfolderSpec = 0;
			files = (
			);
			runOnlyForDeploymentPostprocessing = 1;
		};
		C53A909626D1EE7C004109B1 /* CopyFiles */ = {
			isa = PBXCopyFilesBuildPhase;
			buildActionMask = 2147483647;
			dstPath = /usr/share/man/man1/;
			dstSubfolderSpec = 0;
			files = (
			);
			runOnlyForDeploymentPostprocessing = 1;
		};
		C53A90A126D1F0E1004109B1 /* CopyFiles */ = {
			isa = PBXCopyFilesBuildPhase;
			buildActionMask = 2147483647;
			dstPath = /usr/share/man/man1/;
			dstSubfolderSpec = 0;
			files = (
			);
			runOnlyForDeploymentPostprocessing = 1;
		};
		C5656FC826DA7A39009013D6 /* CopyFiles */ = {
			isa = PBXCopyFilesBuildPhase;
			buildActionMask = 2147483647;
			dstPath = /usr/share/man/man1/;
			dstSubfolderSpec = 0;
			files = (
			);
			runOnlyForDeploymentPostprocessing = 1;
		};
		C5656FD326DD0B63009013D6 /* CopyFiles */ = {
			isa = PBXCopyFilesBuildPhase;
			buildActionMask = 2147483647;
			dstPath = /usr/share/man/man1/;
			dstSubfolderSpec = 0;
			files = (
			);
			runOnlyForDeploymentPostprocessing = 1;
		};
		C5656FDE26DFC8C3009013D6 /* CopyFiles */ = {
			isa = PBXCopyFilesBuildPhase;
			buildActionMask = 2147483647;
			dstPath = /usr/share/man/man1/;
			dstSubfolderSpec = 0;
			files = (
			);
			runOnlyForDeploymentPostprocessing = 1;
		};
		C5656FE926E1179F009013D6 /* CopyFiles */ = {
			isa = PBXCopyFilesBuildPhase;
			buildActionMask = 2147483647;
			dstPath = /usr/share/man/man1/;
			dstSubfolderSpec = 0;
			files = (
			);
			runOnlyForDeploymentPostprocessing = 1;
		};
		C5656FF426E268D4009013D6 /* CopyFiles */ = {
			isa = PBXCopyFilesBuildPhase;
			buildActionMask = 2147483647;
			dstPath = /usr/share/man/man1/;
			dstSubfolderSpec = 0;
			files = (
			);
			runOnlyForDeploymentPostprocessing = 1;
		};
		C5656FFF26E36CA1009013D6 /* CopyFiles */ = {
			isa = PBXCopyFilesBuildPhase;
			buildActionMask = 2147483647;
			dstPath = /usr/share/man/man1/;
			dstSubfolderSpec = 0;
			files = (
			);
			runOnlyForDeploymentPostprocessing = 1;
		};
		C565702826E50792009013D6 /* CopyFiles */ = {
			isa = PBXCopyFilesBuildPhase;
			buildActionMask = 2147483647;
			dstPath = /usr/share/man/man1/;
			dstSubfolderSpec = 0;
			files = (
			);
			runOnlyForDeploymentPostprocessing = 1;
		};
		C565703326E6613F009013D6 /* CopyFiles */ = {
			isa = PBXCopyFilesBuildPhase;
			buildActionMask = 2147483647;
			dstPath = /usr/share/man/man1/;
			dstSubfolderSpec = 0;
			files = (
			);
			runOnlyForDeploymentPostprocessing = 1;
		};
		C565704926E7AF62009013D6 /* CopyFiles */ = {
			isa = PBXCopyFilesBuildPhase;
			buildActionMask = 2147483647;
			dstPath = /usr/share/man/man1/;
			dstSubfolderSpec = 0;
			files = (
			);
			runOnlyForDeploymentPostprocessing = 1;
		};
		C57BFBBF26D9239900FA90AB /* CopyFiles */ = {
			isa = PBXCopyFilesBuildPhase;
			buildActionMask = 2147483647;
			dstPath = /usr/share/man/man1/;
			dstSubfolderSpec = 0;
			files = (
			);
			runOnlyForDeploymentPostprocessing = 1;
		};
		C5801A5826D5382F005C69C1 /* CopyFiles */ = {
			isa = PBXCopyFilesBuildPhase;
			buildActionMask = 2147483647;
			dstPath = /usr/share/man/man1/;
			dstSubfolderSpec = 0;
			files = (
			);
			runOnlyForDeploymentPostprocessing = 1;
		};
/* End PBXCopyFilesBuildPhase section */

/* Begin PBXFileReference section */
		C53A907426D1ED4A004109B1 /* Baekjoon */ = {isa = PBXFileReference; explicitFileType = "compiled.mach-o.executable"; includeInIndex = 0; path = Baekjoon; sourceTree = BUILT_PRODUCTS_DIR; };
		C53A907726D1ED4A004109B1 /* main.swift */ = {isa = PBXFileReference; lastKnownFileType = sourcecode.swift; path = main.swift; sourceTree = "<group>"; };
		C53A908226D1ED7A004109B1 /* 10172 */ = {isa = PBXFileReference; explicitFileType = "compiled.mach-o.executable"; includeInIndex = 0; path = 10172; sourceTree = BUILT_PRODUCTS_DIR; };
		C53A908426D1ED7A004109B1 /* main.swift */ = {isa = PBXFileReference; lastKnownFileType = sourcecode.swift; path = main.swift; sourceTree = "<group>"; };
		C53A908D26D1EE0B004109B1 /* 10869 */ = {isa = PBXFileReference; explicitFileType = "compiled.mach-o.executable"; includeInIndex = 0; path = 10869; sourceTree = BUILT_PRODUCTS_DIR; };
		C53A908F26D1EE0B004109B1 /* main.swift */ = {isa = PBXFileReference; lastKnownFileType = sourcecode.swift; path = main.swift; sourceTree = "<group>"; };
		C53A909826D1EE7C004109B1 /* 2588 */ = {isa = PBXFileReference; explicitFileType = "compiled.mach-o.executable"; includeInIndex = 0; path = 2588; sourceTree = BUILT_PRODUCTS_DIR; };
		C53A909A26D1EE7C004109B1 /* main.swift */ = {isa = PBXFileReference; lastKnownFileType = sourcecode.swift; path = main.swift; sourceTree = "<group>"; };
		C53A90A326D1F0E1004109B1 /* 1330 */ = {isa = PBXFileReference; explicitFileType = "compiled.mach-o.executable"; includeInIndex = 0; path = 1330; sourceTree = BUILT_PRODUCTS_DIR; };
		C53A90A526D1F0E1004109B1 /* main.swift */ = {isa = PBXFileReference; lastKnownFileType = sourcecode.swift; path = main.swift; sourceTree = "<group>"; };
		C5656FCA26DA7A39009013D6 /* 11729 */ = {isa = PBXFileReference; explicitFileType = "compiled.mach-o.executable"; includeInIndex = 0; path = 11729; sourceTree = BUILT_PRODUCTS_DIR; };
		C5656FCC26DA7A39009013D6 /* main.swift */ = {isa = PBXFileReference; lastKnownFileType = sourcecode.swift; path = main.swift; sourceTree = "<group>"; };
		C5656FD526DD0B63009013D6 /* 2750 */ = {isa = PBXFileReference; explicitFileType = "compiled.mach-o.executable"; includeInIndex = 0; path = 2750; sourceTree = BUILT_PRODUCTS_DIR; };
		C5656FD726DD0B63009013D6 /* main.swift */ = {isa = PBXFileReference; lastKnownFileType = sourcecode.swift; path = main.swift; sourceTree = "<group>"; };
		C5656FE026DFC8C3009013D6 /* 2292 */ = {isa = PBXFileReference; explicitFileType = "compiled.mach-o.executable"; includeInIndex = 0; path = 2292; sourceTree = BUILT_PRODUCTS_DIR; };
		C5656FE226DFC8C3009013D6 /* main.swift */ = {isa = PBXFileReference; lastKnownFileType = sourcecode.swift; path = main.swift; sourceTree = "<group>"; };
		C5656FEB26E1179F009013D6 /* 1929 */ = {isa = PBXFileReference; explicitFileType = "compiled.mach-o.executable"; includeInIndex = 0; path = 1929; sourceTree = BUILT_PRODUCTS_DIR; };
		C5656FED26E1179F009013D6 /* main.swift */ = {isa = PBXFileReference; lastKnownFileType = sourcecode.swift; path = main.swift; sourceTree = "<group>"; };
		C5656FF626E268D4009013D6 /* 11653 */ = {isa = PBXFileReference; explicitFileType = "compiled.mach-o.executable"; includeInIndex = 0; path = 11653; sourceTree = BUILT_PRODUCTS_DIR; };
		C5656FF826E268D4009013D6 /* main.swift */ = {isa = PBXFileReference; lastKnownFileType = sourcecode.swift; path = main.swift; sourceTree = "<group>"; };
		C565700126E36CA1009013D6 /* 2798 */ = {isa = PBXFileReference; explicitFileType = "compiled.mach-o.executable"; includeInIndex = 0; path = 2798; sourceTree = BUILT_PRODUCTS_DIR; };
		C565700326E36CA1009013D6 /* main.swift */ = {isa = PBXFileReference; lastKnownFileType = sourcecode.swift; path = main.swift; sourceTree = "<group>"; };
		C565702A26E50792009013D6 /* 10757 */ = {isa = PBXFileReference; explicitFileType = "compiled.mach-o.executable"; includeInIndex = 0; path = 10757; sourceTree = BUILT_PRODUCTS_DIR; };
		C565702C26E50792009013D6 /* main.swift */ = {isa = PBXFileReference; lastKnownFileType = sourcecode.swift; path = main.swift; sourceTree = "<group>"; };
		C565703526E6613F009013D6 /* 10870 */ = {isa = PBXFileReference; explicitFileType = "compiled.mach-o.executable"; includeInIndex = 0; path = 10870; sourceTree = BUILT_PRODUCTS_DIR; };
		C565703726E6613F009013D6 /* main.swift */ = {isa = PBXFileReference; lastKnownFileType = sourcecode.swift; path = main.swift; sourceTree = "<group>"; };
		C565704B26E7AF62009013D6 /* 4948 */ = {isa = PBXFileReference; explicitFileType = "compiled.mach-o.executable"; includeInIndex = 0; path = 4948; sourceTree = BUILT_PRODUCTS_DIR; };
		C565704D26E7AF62009013D6 /* main.swift */ = {isa = PBXFileReference; lastKnownFileType = sourcecode.swift; path = main.swift; sourceTree = "<group>"; };
		C57BFBC126D9239900FA90AB /* 2751 */ = {isa = PBXFileReference; explicitFileType = "compiled.mach-o.executable"; includeInIndex = 0; path = 2751; sourceTree = BUILT_PRODUCTS_DIR; };
		C57BFBC326D9239900FA90AB /* main.swift */ = {isa = PBXFileReference; lastKnownFileType = sourcecode.swift; path = main.swift; sourceTree = "<group>"; };
		C5801A5A26D5382F005C69C1 /* 11021 */ = {isa = PBXFileReference; explicitFileType = "compiled.mach-o.executable"; includeInIndex = 0; path = 11021; sourceTree = BUILT_PRODUCTS_DIR; };
		C5801A5C26D5382F005C69C1 /* main.swift */ = {isa = PBXFileReference; lastKnownFileType = sourcecode.swift; path = main.swift; sourceTree = "<group>"; };
/* End PBXFileReference section */

/* Begin PBXFrameworksBuildPhase section */
		C53A907126D1ED4A004109B1 /* Frameworks */ = {
			isa = PBXFrameworksBuildPhase;
			buildActionMask = 2147483647;
			files = (
			);
			runOnlyForDeploymentPostprocessing = 0;
		};
		C53A907F26D1ED7A004109B1 /* Frameworks */ = {
			isa = PBXFrameworksBuildPhase;
			buildActionMask = 2147483647;
			files = (
			);
			runOnlyForDeploymentPostprocessing = 0;
		};
		C53A908A26D1EE0B004109B1 /* Frameworks */ = {
			isa = PBXFrameworksBuildPhase;
			buildActionMask = 2147483647;
			files = (
			);
			runOnlyForDeploymentPostprocessing = 0;
		};
		C53A909526D1EE7C004109B1 /* Frameworks */ = {
			isa = PBXFrameworksBuildPhase;
			buildActionMask = 2147483647;
			files = (
			);
			runOnlyForDeploymentPostprocessing = 0;
		};
		C53A90A026D1F0E1004109B1 /* Frameworks */ = {
			isa = PBXFrameworksBuildPhase;
			buildActionMask = 2147483647;
			files = (
			);
			runOnlyForDeploymentPostprocessing = 0;
		};
		C5656FC726DA7A39009013D6 /* Frameworks */ = {
			isa = PBXFrameworksBuildPhase;
			buildActionMask = 2147483647;
			files = (
			);
			runOnlyForDeploymentPostprocessing = 0;
		};
		C5656FD226DD0B63009013D6 /* Frameworks */ = {
			isa = PBXFrameworksBuildPhase;
			buildActionMask = 2147483647;
			files = (
			);
			runOnlyForDeploymentPostprocessing = 0;
		};
		C5656FDD26DFC8C3009013D6 /* Frameworks */ = {
			isa = PBXFrameworksBuildPhase;
			buildActionMask = 2147483647;
			files = (
			);
			runOnlyForDeploymentPostprocessing = 0;
		};
		C5656FE826E1179F009013D6 /* Frameworks */ = {
			isa = PBXFrameworksBuildPhase;
			buildActionMask = 2147483647;
			files = (
			);
			runOnlyForDeploymentPostprocessing = 0;
		};
		C5656FF326E268D4009013D6 /* Frameworks */ = {
			isa = PBXFrameworksBuildPhase;
			buildActionMask = 2147483647;
			files = (
			);
			runOnlyForDeploymentPostprocessing = 0;
		};
		C5656FFE26E36CA1009013D6 /* Frameworks */ = {
			isa = PBXFrameworksBuildPhase;
			buildActionMask = 2147483647;
			files = (
			);
			runOnlyForDeploymentPostprocessing = 0;
		};
		C565702726E50792009013D6 /* Frameworks */ = {
			isa = PBXFrameworksBuildPhase;
			buildActionMask = 2147483647;
			files = (
			);
			runOnlyForDeploymentPostprocessing = 0;
		};
		C565703226E6613F009013D6 /* Frameworks */ = {
			isa = PBXFrameworksBuildPhase;
			buildActionMask = 2147483647;
			files = (
			);
			runOnlyForDeploymentPostprocessing = 0;
		};
		C565704826E7AF62009013D6 /* Frameworks */ = {
			isa = PBXFrameworksBuildPhase;
			buildActionMask = 2147483647;
			files = (
			);
			runOnlyForDeploymentPostprocessing = 0;
		};
		C57BFBBE26D9239900FA90AB /* Frameworks */ = {
			isa = PBXFrameworksBuildPhase;
			buildActionMask = 2147483647;
			files = (
			);
			runOnlyForDeploymentPostprocessing = 0;
		};
		C5801A5726D5382F005C69C1 /* Frameworks */ = {
			isa = PBXFrameworksBuildPhase;
			buildActionMask = 2147483647;
			files = (
			);
			runOnlyForDeploymentPostprocessing = 0;
		};
/* End PBXFrameworksBuildPhase section */

/* Begin PBXGroup section */
		C53A906B26D1ED49004109B1 = {
			isa = PBXGroup;
			children = (
				C53A907626D1ED4A004109B1 /* Baekjoon */,
				C53A908326D1ED7A004109B1 /* 10172 */,
				C53A908E26D1EE0B004109B1 /* 10869 */,
				C53A909926D1EE7C004109B1 /* 2588 */,
				C53A90A426D1F0E1004109B1 /* 1330 */,
				C5801A5B26D5382F005C69C1 /* 11021 */,
				C57BFBC226D9239900FA90AB /* 2751 */,
				C5656FCB26DA7A39009013D6 /* 11729 */,
				C5656FD626DD0B63009013D6 /* 2750 */,
				C5656FE126DFC8C3009013D6 /* 2292 */,
				C5656FEC26E1179F009013D6 /* 1929 */,
				C5656FF726E268D4009013D6 /* 11653 */,
				C565700226E36CA1009013D6 /* 2798 */,
				C565702B26E50792009013D6 /* 10757 */,
				C565703626E6613F009013D6 /* 10870 */,
				C565704C26E7AF62009013D6 /* 4948 */,
				C53A907526D1ED4A004109B1 /* Products */,
			);
			sourceTree = "<group>";
		};
		C53A907526D1ED4A004109B1 /* Products */ = {
			isa = PBXGroup;
			children = (
				C53A907426D1ED4A004109B1 /* Baekjoon */,
				C53A908226D1ED7A004109B1 /* 10172 */,
				C53A908D26D1EE0B004109B1 /* 10869 */,
				C53A909826D1EE7C004109B1 /* 2588 */,
				C53A90A326D1F0E1004109B1 /* 1330 */,
				C5801A5A26D5382F005C69C1 /* 11021 */,
				C57BFBC126D9239900FA90AB /* 2751 */,
				C5656FCA26DA7A39009013D6 /* 11729 */,
				C5656FD526DD0B63009013D6 /* 2750 */,
				C5656FE026DFC8C3009013D6 /* 2292 */,
				C5656FEB26E1179F009013D6 /* 1929 */,
				C5656FF626E268D4009013D6 /* 11653 */,
				C565700126E36CA1009013D6 /* 2798 */,
				C565702A26E50792009013D6 /* 10757 */,
				C565703526E6613F009013D6 /* 10870 */,
				C565704B26E7AF62009013D6 /* 4948 */,
			);
			name = Products;
			sourceTree = "<group>";
		};
		C53A907626D1ED4A004109B1 /* Baekjoon */ = {
			isa = PBXGroup;
			children = (
				C53A907726D1ED4A004109B1 /* main.swift */,
			);
			path = Baekjoon;
			sourceTree = "<group>";
		};
		C53A908326D1ED7A004109B1 /* 10172 */ = {
			isa = PBXGroup;
			children = (
				C53A908426D1ED7A004109B1 /* main.swift */,
			);
			path = 10172;
			sourceTree = "<group>";
		};
		C53A908E26D1EE0B004109B1 /* 10869 */ = {
			isa = PBXGroup;
			children = (
				C53A908F26D1EE0B004109B1 /* main.swift */,
			);
			path = 10869;
			sourceTree = "<group>";
		};
		C53A909926D1EE7C004109B1 /* 2588 */ = {
			isa = PBXGroup;
			children = (
				C53A909A26D1EE7C004109B1 /* main.swift */,
			);
			path = 2588;
			sourceTree = "<group>";
		};
		C53A90A426D1F0E1004109B1 /* 1330 */ = {
			isa = PBXGroup;
			children = (
				C53A90A526D1F0E1004109B1 /* main.swift */,
			);
			path = 1330;
			sourceTree = "<group>";
		};
		C5656FCB26DA7A39009013D6 /* 11729 */ = {
			isa = PBXGroup;
			children = (
				C5656FCC26DA7A39009013D6 /* main.swift */,
			);
			path = 11729;
			sourceTree = "<group>";
		};
		C5656FD626DD0B63009013D6 /* 2750 */ = {
			isa = PBXGroup;
			children = (
				C5656FD726DD0B63009013D6 /* main.swift */,
			);
			path = 2750;
			sourceTree = "<group>";
		};
		C5656FE126DFC8C3009013D6 /* 2292 */ = {
			isa = PBXGroup;
			children = (
				C5656FE226DFC8C3009013D6 /* main.swift */,
			);
			path = 2292;
			sourceTree = "<group>";
		};
		C5656FEC26E1179F009013D6 /* 1929 */ = {
			isa = PBXGroup;
			children = (
				C5656FED26E1179F009013D6 /* main.swift */,
			);
			path = 1929;
			sourceTree = "<group>";
		};
		C5656FF726E268D4009013D6 /* 11653 */ = {
			isa = PBXGroup;
			children = (
				C5656FF826E268D4009013D6 /* main.swift */,
			);
			path = 11653;
			sourceTree = "<group>";
		};
		C565700226E36CA1009013D6 /* 2798 */ = {
			isa = PBXGroup;
			children = (
				C565700326E36CA1009013D6 /* main.swift */,
			);
			path = 2798;
			sourceTree = "<group>";
		};
		C565702B26E50792009013D6 /* 10757 */ = {
			isa = PBXGroup;
			children = (
				C565702C26E50792009013D6 /* main.swift */,
			);
			path = 10757;
			sourceTree = "<group>";
		};
		C565703626E6613F009013D6 /* 10870 */ = {
			isa = PBXGroup;
			children = (
				C565703726E6613F009013D6 /* main.swift */,
			);
			path = 10870;
			sourceTree = "<group>";
		};
		C565704C26E7AF62009013D6 /* 4948 */ = {
			isa = PBXGroup;
			children = (
				C565704D26E7AF62009013D6 /* main.swift */,
			);
			path = 4948;
			sourceTree = "<group>";
		};
		C57BFBC226D9239900FA90AB /* 2751 */ = {
			isa = PBXGroup;
			children = (
				C57BFBC326D9239900FA90AB /* main.swift */,
			);
			path = 2751;
			sourceTree = "<group>";
		};
		C5801A5B26D5382F005C69C1 /* 11021 */ = {
			isa = PBXGroup;
			children = (
				C5801A5C26D5382F005C69C1 /* main.swift */,
			);
			path = 11021;
			sourceTree = "<group>";
		};
/* End PBXGroup section */

/* Begin PBXNativeTarget section */
		C53A907326D1ED4A004109B1 /* Baekjoon */ = {
			isa = PBXNativeTarget;
			buildConfigurationList = C53A907B26D1ED4A004109B1 /* Build configuration list for PBXNativeTarget "Baekjoon" */;
			buildPhases = (
				C53A907026D1ED4A004109B1 /* Sources */,
				C53A907126D1ED4A004109B1 /* Frameworks */,
				C53A907226D1ED4A004109B1 /* CopyFiles */,
			);
			buildRules = (
			);
			dependencies = (
			);
			name = Baekjoon;
			productName = Baekjoon;
			productReference = C53A907426D1ED4A004109B1 /* Baekjoon */;
			productType = "com.apple.product-type.tool";
		};
		C53A908126D1ED7A004109B1 /* 10172 */ = {
			isa = PBXNativeTarget;
			buildConfigurationList = C53A908626D1ED7A004109B1 /* Build configuration list for PBXNativeTarget "10172" */;
			buildPhases = (
				C53A907E26D1ED7A004109B1 /* Sources */,
				C53A907F26D1ED7A004109B1 /* Frameworks */,
				C53A908026D1ED7A004109B1 /* CopyFiles */,
			);
			buildRules = (
			);
			dependencies = (
			);
			name = 10172;
			productName = 10172;
			productReference = C53A908226D1ED7A004109B1 /* 10172 */;
			productType = "com.apple.product-type.tool";
		};
		C53A908C26D1EE0B004109B1 /* 10869 */ = {
			isa = PBXNativeTarget;
			buildConfigurationList = C53A909126D1EE0B004109B1 /* Build configuration list for PBXNativeTarget "10869" */;
			buildPhases = (
				C53A908926D1EE0B004109B1 /* Sources */,
				C53A908A26D1EE0B004109B1 /* Frameworks */,
				C53A908B26D1EE0B004109B1 /* CopyFiles */,
			);
			buildRules = (
			);
			dependencies = (
			);
			name = 10869;
			productName = 10869;
			productReference = C53A908D26D1EE0B004109B1 /* 10869 */;
			productType = "com.apple.product-type.tool";
		};
		C53A909726D1EE7C004109B1 /* 2588 */ = {
			isa = PBXNativeTarget;
			buildConfigurationList = C53A909C26D1EE7C004109B1 /* Build configuration list for PBXNativeTarget "2588" */;
			buildPhases = (
				C53A909426D1EE7C004109B1 /* Sources */,
				C53A909526D1EE7C004109B1 /* Frameworks */,
				C53A909626D1EE7C004109B1 /* CopyFiles */,
			);
			buildRules = (
			);
			dependencies = (
			);
			name = 2588;
			productName = 2588;
			productReference = C53A909826D1EE7C004109B1 /* 2588 */;
			productType = "com.apple.product-type.tool";
		};
		C53A90A226D1F0E1004109B1 /* 1330 */ = {
			isa = PBXNativeTarget;
			buildConfigurationList = C53A90A726D1F0E1004109B1 /* Build configuration list for PBXNativeTarget "1330" */;
			buildPhases = (
				C53A909F26D1F0E1004109B1 /* Sources */,
				C53A90A026D1F0E1004109B1 /* Frameworks */,
				C53A90A126D1F0E1004109B1 /* CopyFiles */,
			);
			buildRules = (
			);
			dependencies = (
			);
			name = 1330;
			productName = 1330;
			productReference = C53A90A326D1F0E1004109B1 /* 1330 */;
			productType = "com.apple.product-type.tool";
		};
		C5656FC926DA7A39009013D6 /* 11729 */ = {
			isa = PBXNativeTarget;
			buildConfigurationList = C5656FD026DA7A39009013D6 /* Build configuration list for PBXNativeTarget "11729" */;
			buildPhases = (
				C5656FC626DA7A39009013D6 /* Sources */,
				C5656FC726DA7A39009013D6 /* Frameworks */,
				C5656FC826DA7A39009013D6 /* CopyFiles */,
			);
			buildRules = (
			);
			dependencies = (
			);
			name = 11729;
			productName = 11729;
			productReference = C5656FCA26DA7A39009013D6 /* 11729 */;
			productType = "com.apple.product-type.tool";
		};
		C5656FD426DD0B63009013D6 /* 2750 */ = {
			isa = PBXNativeTarget;
			buildConfigurationList = C5656FDB26DD0B63009013D6 /* Build configuration list for PBXNativeTarget "2750" */;
			buildPhases = (
				C5656FD126DD0B63009013D6 /* Sources */,
				C5656FD226DD0B63009013D6 /* Frameworks */,
				C5656FD326DD0B63009013D6 /* CopyFiles */,
			);
			buildRules = (
			);
			dependencies = (
			);
			name = 2750;
			productName = 2750;
			productReference = C5656FD526DD0B63009013D6 /* 2750 */;
			productType = "com.apple.product-type.tool";
		};
		C5656FDF26DFC8C3009013D6 /* 2292 */ = {
			isa = PBXNativeTarget;
			buildConfigurationList = C5656FE426DFC8C3009013D6 /* Build configuration list for PBXNativeTarget "2292" */;
			buildPhases = (
				C5656FDC26DFC8C3009013D6 /* Sources */,
				C5656FDD26DFC8C3009013D6 /* Frameworks */,
				C5656FDE26DFC8C3009013D6 /* CopyFiles */,
			);
			buildRules = (
			);
			dependencies = (
			);
			name = 2292;
			productName = 2292;
			productReference = C5656FE026DFC8C3009013D6 /* 2292 */;
			productType = "com.apple.product-type.tool";
		};
		C5656FEA26E1179F009013D6 /* 1929 */ = {
			isa = PBXNativeTarget;
			buildConfigurationList = C5656FEF26E1179F009013D6 /* Build configuration list for PBXNativeTarget "1929" */;
			buildPhases = (
				C5656FE726E1179F009013D6 /* Sources */,
				C5656FE826E1179F009013D6 /* Frameworks */,
				C5656FE926E1179F009013D6 /* CopyFiles */,
			);
			buildRules = (
			);
			dependencies = (
			);
			name = 1929;
			productName = 1929;
			productReference = C5656FEB26E1179F009013D6 /* 1929 */;
			productType = "com.apple.product-type.tool";
		};
		C5656FF526E268D4009013D6 /* 11653 */ = {
			isa = PBXNativeTarget;
			buildConfigurationList = C5656FFA26E268D4009013D6 /* Build configuration list for PBXNativeTarget "11653" */;
			buildPhases = (
				C5656FF226E268D4009013D6 /* Sources */,
				C5656FF326E268D4009013D6 /* Frameworks */,
				C5656FF426E268D4009013D6 /* CopyFiles */,
			);
			buildRules = (
			);
			dependencies = (
			);
			name = 11653;
			productName = 11653;
			productReference = C5656FF626E268D4009013D6 /* 11653 */;
			productType = "com.apple.product-type.tool";
		};
		C565700026E36CA1009013D6 /* 2798 */ = {
			isa = PBXNativeTarget;
			buildConfigurationList = C565700526E36CA1009013D6 /* Build configuration list for PBXNativeTarget "2798" */;
			buildPhases = (
				C5656FFD26E36CA1009013D6 /* Sources */,
				C5656FFE26E36CA1009013D6 /* Frameworks */,
				C5656FFF26E36CA1009013D6 /* CopyFiles */,
			);
			buildRules = (
			);
			dependencies = (
			);
			name = 2798;
			productName = 2798;
			productReference = C565700126E36CA1009013D6 /* 2798 */;
			productType = "com.apple.product-type.tool";
		};
		C565702926E50792009013D6 /* 10757 */ = {
			isa = PBXNativeTarget;
			buildConfigurationList = C565703026E50792009013D6 /* Build configuration list for PBXNativeTarget "10757" */;
			buildPhases = (
				C565702626E50792009013D6 /* Sources */,
				C565702726E50792009013D6 /* Frameworks */,
				C565702826E50792009013D6 /* CopyFiles */,
			);
			buildRules = (
			);
			dependencies = (
			);
			name = 10757;
			productName = 10757;
			productReference = C565702A26E50792009013D6 /* 10757 */;
			productType = "com.apple.product-type.tool";
		};
		C565703426E6613F009013D6 /* 10870 */ = {
			isa = PBXNativeTarget;
			buildConfigurationList = C565703926E6613F009013D6 /* Build configuration list for PBXNativeTarget "10870" */;
			buildPhases = (
				C565703126E6613F009013D6 /* Sources */,
				C565703226E6613F009013D6 /* Frameworks */,
				C565703326E6613F009013D6 /* CopyFiles */,
			);
			buildRules = (
			);
			dependencies = (
			);
			name = 10870;
			productName = 10870;
			productReference = C565703526E6613F009013D6 /* 10870 */;
			productType = "com.apple.product-type.tool";
		};
		C565704A26E7AF62009013D6 /* 4948 */ = {
			isa = PBXNativeTarget;
			buildConfigurationList = C565704F26E7AF62009013D6 /* Build configuration list for PBXNativeTarget "4948" */;
			buildPhases = (
				C565704726E7AF62009013D6 /* Sources */,
				C565704826E7AF62009013D6 /* Frameworks */,
				C565704926E7AF62009013D6 /* CopyFiles */,
			);
			buildRules = (
			);
			dependencies = (
			);
			name = 4948;
			productName = 4948;
			productReference = C565704B26E7AF62009013D6 /* 4948 */;
			productType = "com.apple.product-type.tool";
		};
		C57BFBC026D9239900FA90AB /* 2751 */ = {
			isa = PBXNativeTarget;
			buildConfigurationList = C57BFBC726D9239900FA90AB /* Build configuration list for PBXNativeTarget "2751" */;
			buildPhases = (
				C57BFBBD26D9239900FA90AB /* Sources */,
				C57BFBBE26D9239900FA90AB /* Frameworks */,
				C57BFBBF26D9239900FA90AB /* CopyFiles */,
			);
			buildRules = (
			);
			dependencies = (
			);
			name = 2751;
			productName = 2751;
			productReference = C57BFBC126D9239900FA90AB /* 2751 */;
			productType = "com.apple.product-type.tool";
		};
		C5801A5926D5382F005C69C1 /* 11021 */ = {
			isa = PBXNativeTarget;
			buildConfigurationList = C5801A6026D5382F005C69C1 /* Build configuration list for PBXNativeTarget "11021" */;
			buildPhases = (
				C5801A5626D5382F005C69C1 /* Sources */,
				C5801A5726D5382F005C69C1 /* Frameworks */,
				C5801A5826D5382F005C69C1 /* CopyFiles */,
			);
			buildRules = (
			);
			dependencies = (
			);
			name = 11021;
			productName = 11021;
			productReference = C5801A5A26D5382F005C69C1 /* 11021 */;
			productType = "com.apple.product-type.tool";
		};
/* End PBXNativeTarget section */

/* Begin PBXProject section */
		C53A906C26D1ED49004109B1 /* Project object */ = {
			isa = PBXProject;
			attributes = {
				LastSwiftUpdateCheck = 1250;
				LastUpgradeCheck = 1250;
				TargetAttributes = {
					C53A907326D1ED4A004109B1 = {
						CreatedOnToolsVersion = 12.5.1;
					};
					C53A908126D1ED7A004109B1 = {
						CreatedOnToolsVersion = 12.5.1;
					};
					C53A908C26D1EE0B004109B1 = {
						CreatedOnToolsVersion = 12.5.1;
					};
					C53A909726D1EE7C004109B1 = {
						CreatedOnToolsVersion = 12.5.1;
					};
					C53A90A226D1F0E1004109B1 = {
						CreatedOnToolsVersion = 12.5.1;
					};
					C5656FC926DA7A39009013D6 = {
						CreatedOnToolsVersion = 12.5.1;
					};
					C5656FD426DD0B63009013D6 = {
						CreatedOnToolsVersion = 12.5.1;
					};
					C5656FDF26DFC8C3009013D6 = {
						CreatedOnToolsVersion = 12.5.1;
					};
					C5656FEA26E1179F009013D6 = {
						CreatedOnToolsVersion = 12.5.1;
					};
					C5656FF526E268D4009013D6 = {
						CreatedOnToolsVersion = 12.5.1;
					};
					C565700026E36CA1009013D6 = {
						CreatedOnToolsVersion = 12.5.1;
					};
					C565702926E50792009013D6 = {
						CreatedOnToolsVersion = 12.5.1;
					};
					C565703426E6613F009013D6 = {
						CreatedOnToolsVersion = 12.5.1;
					};
					C565704A26E7AF62009013D6 = {
						CreatedOnToolsVersion = 12.5.1;
					};
					C57BFBC026D9239900FA90AB = {
						CreatedOnToolsVersion = 12.5.1;
					};
					C5801A5926D5382F005C69C1 = {
						CreatedOnToolsVersion = 12.5.1;
					};
				};
			};
			buildConfigurationList = C53A906F26D1ED49004109B1 /* Build configuration list for PBXProject "Baekjoon" */;
			compatibilityVersion = "Xcode 9.3";
			developmentRegion = en;
			hasScannedForEncodings = 0;
			knownRegions = (
				en,
				Base,
			);
			mainGroup = C53A906B26D1ED49004109B1;
			productRefGroup = C53A907526D1ED4A004109B1 /* Products */;
			projectDirPath = "";
			projectRoot = "";
			targets = (
				C53A907326D1ED4A004109B1 /* Baekjoon */,
				C53A908126D1ED7A004109B1 /* 10172 */,
				C53A908C26D1EE0B004109B1 /* 10869 */,
				C53A909726D1EE7C004109B1 /* 2588 */,
				C53A90A226D1F0E1004109B1 /* 1330 */,
				C5801A5926D5382F005C69C1 /* 11021 */,
				C57BFBC026D9239900FA90AB /* 2751 */,
				C5656FC926DA7A39009013D6 /* 11729 */,
				C5656FD426DD0B63009013D6 /* 2750 */,
				C5656FDF26DFC8C3009013D6 /* 2292 */,
				C5656FEA26E1179F009013D6 /* 1929 */,
				C5656FF526E268D4009013D6 /* 11653 */,
				C565700026E36CA1009013D6 /* 2798 */,
				C565702926E50792009013D6 /* 10757 */,
				C565703426E6613F009013D6 /* 10870 */,
				C565704A26E7AF62009013D6 /* 4948 */,
			);
		};
/* End PBXProject section */

/* Begin PBXSourcesBuildPhase section */
		C53A907026D1ED4A004109B1 /* Sources */ = {
			isa = PBXSourcesBuildPhase;
			buildActionMask = 2147483647;
			files = (
				C53A907826D1ED4A004109B1 /* main.swift in Sources */,
			);
			runOnlyForDeploymentPostprocessing = 0;
		};
		C53A907E26D1ED7A004109B1 /* Sources */ = {
			isa = PBXSourcesBuildPhase;
			buildActionMask = 2147483647;
			files = (
				C53A908526D1ED7A004109B1 /* main.swift in Sources */,
			);
			runOnlyForDeploymentPostprocessing = 0;
		};
		C53A908926D1EE0B004109B1 /* Sources */ = {
			isa = PBXSourcesBuildPhase;
			buildActionMask = 2147483647;
			files = (
				C53A909026D1EE0B004109B1 /* main.swift in Sources */,
			);
			runOnlyForDeploymentPostprocessing = 0;
		};
		C53A909426D1EE7C004109B1 /* Sources */ = {
			isa = PBXSourcesBuildPhase;
			buildActionMask = 2147483647;
			files = (
				C53A909B26D1EE7C004109B1 /* main.swift in Sources */,
			);
			runOnlyForDeploymentPostprocessing = 0;
		};
		C53A909F26D1F0E1004109B1 /* Sources */ = {
			isa = PBXSourcesBuildPhase;
			buildActionMask = 2147483647;
			files = (
				C53A90A626D1F0E1004109B1 /* main.swift in Sources */,
			);
			runOnlyForDeploymentPostprocessing = 0;
		};
		C5656FC626DA7A39009013D6 /* Sources */ = {
			isa = PBXSourcesBuildPhase;
			buildActionMask = 2147483647;
			files = (
				C5656FCD26DA7A39009013D6 /* main.swift in Sources */,
			);
			runOnlyForDeploymentPostprocessing = 0;
		};
		C5656FD126DD0B63009013D6 /* Sources */ = {
			isa = PBXSourcesBuildPhase;
			buildActionMask = 2147483647;
			files = (
				C5656FD826DD0B63009013D6 /* main.swift in Sources */,
			);
			runOnlyForDeploymentPostprocessing = 0;
		};
		C5656FDC26DFC8C3009013D6 /* Sources */ = {
			isa = PBXSourcesBuildPhase;
			buildActionMask = 2147483647;
			files = (
				C5656FE326DFC8C3009013D6 /* main.swift in Sources */,
			);
			runOnlyForDeploymentPostprocessing = 0;
		};
		C5656FE726E1179F009013D6 /* Sources */ = {
			isa = PBXSourcesBuildPhase;
			buildActionMask = 2147483647;
			files = (
				C5656FEE26E1179F009013D6 /* main.swift in Sources */,
			);
			runOnlyForDeploymentPostprocessing = 0;
		};
		C5656FF226E268D4009013D6 /* Sources */ = {
			isa = PBXSourcesBuildPhase;
			buildActionMask = 2147483647;
			files = (
				C5656FF926E268D4009013D6 /* main.swift in Sources */,
			);
			runOnlyForDeploymentPostprocessing = 0;
		};
		C5656FFD26E36CA1009013D6 /* Sources */ = {
			isa = PBXSourcesBuildPhase;
			buildActionMask = 2147483647;
			files = (
				C565700426E36CA1009013D6 /* main.swift in Sources */,
			);
			runOnlyForDeploymentPostprocessing = 0;
		};
		C565702626E50792009013D6 /* Sources */ = {
			isa = PBXSourcesBuildPhase;
			buildActionMask = 2147483647;
			files = (
				C565702D26E50792009013D6 /* main.swift in Sources */,
			);
			runOnlyForDeploymentPostprocessing = 0;
		};
		C565703126E6613F009013D6 /* Sources */ = {
			isa = PBXSourcesBuildPhase;
			buildActionMask = 2147483647;
			files = (
				C565703826E6613F009013D6 /* main.swift in Sources */,
			);
			runOnlyForDeploymentPostprocessing = 0;
		};
		C565704726E7AF62009013D6 /* Sources */ = {
			isa = PBXSourcesBuildPhase;
			buildActionMask = 2147483647;
			files = (
				C565704E26E7AF62009013D6 /* main.swift in Sources */,
			);
			runOnlyForDeploymentPostprocessing = 0;
		};
		C57BFBBD26D9239900FA90AB /* Sources */ = {
			isa = PBXSourcesBuildPhase;
			buildActionMask = 2147483647;
			files = (
				C57BFBC426D9239900FA90AB /* main.swift in Sources */,
			);
			runOnlyForDeploymentPostprocessing = 0;
		};
		C5801A5626D5382F005C69C1 /* Sources */ = {
			isa = PBXSourcesBuildPhase;
			buildActionMask = 2147483647;
			files = (
				C5801A5D26D5382F005C69C1 /* main.swift in Sources */,
			);
			runOnlyForDeploymentPostprocessing = 0;
		};
/* End PBXSourcesBuildPhase section */

/* Begin XCBuildConfiguration section */
		C53A907926D1ED4A004109B1 /* Debug */ = {
			isa = XCBuildConfiguration;
			buildSettings = {
				ALWAYS_SEARCH_USER_PATHS = NO;
				CLANG_ANALYZER_NONNULL = YES;
				CLANG_ANALYZER_NUMBER_OBJECT_CONVERSION = YES_AGGRESSIVE;
				CLANG_CXX_LANGUAGE_STANDARD = "gnu++14";
				CLANG_CXX_LIBRARY = "libc++";
				CLANG_ENABLE_MODULES = YES;
				CLANG_ENABLE_OBJC_ARC = YES;
				CLANG_ENABLE_OBJC_WEAK = YES;
				CLANG_WARN_BLOCK_CAPTURE_AUTORELEASING = YES;
				CLANG_WARN_BOOL_CONVERSION = YES;
				CLANG_WARN_COMMA = YES;
				CLANG_WARN_CONSTANT_CONVERSION = YES;
				CLANG_WARN_DEPRECATED_OBJC_IMPLEMENTATIONS = YES;
				CLANG_WARN_DIRECT_OBJC_ISA_USAGE = YES_ERROR;
				CLANG_WARN_DOCUMENTATION_COMMENTS = YES;
				CLANG_WARN_EMPTY_BODY = YES;
				CLANG_WARN_ENUM_CONVERSION = YES;
				CLANG_WARN_INFINITE_RECURSION = YES;
				CLANG_WARN_INT_CONVERSION = YES;
				CLANG_WARN_NON_LITERAL_NULL_CONVERSION = YES;
				CLANG_WARN_OBJC_IMPLICIT_RETAIN_SELF = YES;
				CLANG_WARN_OBJC_LITERAL_CONVERSION = YES;
				CLANG_WARN_OBJC_ROOT_CLASS = YES_ERROR;
				CLANG_WARN_QUOTED_INCLUDE_IN_FRAMEWORK_HEADER = YES;
				CLANG_WARN_RANGE_LOOP_ANALYSIS = YES;
				CLANG_WARN_STRICT_PROTOTYPES = YES;
				CLANG_WARN_SUSPICIOUS_MOVE = YES;
				CLANG_WARN_UNGUARDED_AVAILABILITY = YES_AGGRESSIVE;
				CLANG_WARN_UNREACHABLE_CODE = YES;
				CLANG_WARN__DUPLICATE_METHOD_MATCH = YES;
				COPY_PHASE_STRIP = NO;
				DEBUG_INFORMATION_FORMAT = dwarf;
				ENABLE_STRICT_OBJC_MSGSEND = YES;
				ENABLE_TESTABILITY = YES;
				GCC_C_LANGUAGE_STANDARD = gnu11;
				GCC_DYNAMIC_NO_PIC = NO;
				GCC_NO_COMMON_BLOCKS = YES;
				GCC_OPTIMIZATION_LEVEL = 0;
				GCC_PREPROCESSOR_DEFINITIONS = (
					"DEBUG=1",
					"$(inherited)",
				);
				GCC_WARN_64_TO_32_BIT_CONVERSION = YES;
				GCC_WARN_ABOUT_RETURN_TYPE = YES_ERROR;
				GCC_WARN_UNDECLARED_SELECTOR = YES;
				GCC_WARN_UNINITIALIZED_AUTOS = YES_AGGRESSIVE;
				GCC_WARN_UNUSED_FUNCTION = YES;
				GCC_WARN_UNUSED_VARIABLE = YES;
				MACOSX_DEPLOYMENT_TARGET = 11.3;
				MTL_ENABLE_DEBUG_INFO = INCLUDE_SOURCE;
				MTL_FAST_MATH = YES;
				ONLY_ACTIVE_ARCH = YES;
				SDKROOT = macosx;
				SWIFT_ACTIVE_COMPILATION_CONDITIONS = DEBUG;
				SWIFT_OPTIMIZATION_LEVEL = "-Onone";
			};
			name = Debug;
		};
		C53A907A26D1ED4A004109B1 /* Release */ = {
			isa = XCBuildConfiguration;
			buildSettings = {
				ALWAYS_SEARCH_USER_PATHS = NO;
				CLANG_ANALYZER_NONNULL = YES;
				CLANG_ANALYZER_NUMBER_OBJECT_CONVERSION = YES_AGGRESSIVE;
				CLANG_CXX_LANGUAGE_STANDARD = "gnu++14";
				CLANG_CXX_LIBRARY = "libc++";
				CLANG_ENABLE_MODULES = YES;
				CLANG_ENABLE_OBJC_ARC = YES;
				CLANG_ENABLE_OBJC_WEAK = YES;
				CLANG_WARN_BLOCK_CAPTURE_AUTORELEASING = YES;
				CLANG_WARN_BOOL_CONVERSION = YES;
				CLANG_WARN_COMMA = YES;
				CLANG_WARN_CONSTANT_CONVERSION = YES;
				CLANG_WARN_DEPRECATED_OBJC_IMPLEMENTATIONS = YES;
				CLANG_WARN_DIRECT_OBJC_ISA_USAGE = YES_ERROR;
				CLANG_WARN_DOCUMENTATION_COMMENTS = YES;
				CLANG_WARN_EMPTY_BODY = YES;
				CLANG_WARN_ENUM_CONVERSION = YES;
				CLANG_WARN_INFINITE_RECURSION = YES;
				CLANG_WARN_INT_CONVERSION = YES;
				CLANG_WARN_NON_LITERAL_NULL_CONVERSION = YES;
				CLANG_WARN_OBJC_IMPLICIT_RETAIN_SELF = YES;
				CLANG_WARN_OBJC_LITERAL_CONVERSION = YES;
				CLANG_WARN_OBJC_ROOT_CLASS = YES_ERROR;
				CLANG_WARN_QUOTED_INCLUDE_IN_FRAMEWORK_HEADER = YES;
				CLANG_WARN_RANGE_LOOP_ANALYSIS = YES;
				CLANG_WARN_STRICT_PROTOTYPES = YES;
				CLANG_WARN_SUSPICIOUS_MOVE = YES;
				CLANG_WARN_UNGUARDED_AVAILABILITY = YES_AGGRESSIVE;
				CLANG_WARN_UNREACHABLE_CODE = YES;
				CLANG_WARN__DUPLICATE_METHOD_MATCH = YES;
				COPY_PHASE_STRIP = NO;
				DEBUG_INFORMATION_FORMAT = "dwarf-with-dsym";
				ENABLE_NS_ASSERTIONS = NO;
				ENABLE_STRICT_OBJC_MSGSEND = YES;
				GCC_C_LANGUAGE_STANDARD = gnu11;
				GCC_NO_COMMON_BLOCKS = YES;
				GCC_WARN_64_TO_32_BIT_CONVERSION = YES;
				GCC_WARN_ABOUT_RETURN_TYPE = YES_ERROR;
				GCC_WARN_UNDECLARED_SELECTOR = YES;
				GCC_WARN_UNINITIALIZED_AUTOS = YES_AGGRESSIVE;
				GCC_WARN_UNUSED_FUNCTION = YES;
				GCC_WARN_UNUSED_VARIABLE = YES;
				MACOSX_DEPLOYMENT_TARGET = 11.3;
				MTL_ENABLE_DEBUG_INFO = NO;
				MTL_FAST_MATH = YES;
				SDKROOT = macosx;
				SWIFT_COMPILATION_MODE = wholemodule;
				SWIFT_OPTIMIZATION_LEVEL = "-O";
			};
			name = Release;
		};
		C53A907C26D1ED4A004109B1 /* Debug */ = {
			isa = XCBuildConfiguration;
			buildSettings = {
				CODE_SIGN_STYLE = Automatic;
				PRODUCT_NAME = "$(TARGET_NAME)";
				SWIFT_VERSION = 5.0;
			};
			name = Debug;
		};
		C53A907D26D1ED4A004109B1 /* Release */ = {
			isa = XCBuildConfiguration;
			buildSettings = {
				CODE_SIGN_STYLE = Automatic;
				PRODUCT_NAME = "$(TARGET_NAME)";
				SWIFT_VERSION = 5.0;
			};
			name = Release;
		};
		C53A908726D1ED7A004109B1 /* Debug */ = {
			isa = XCBuildConfiguration;
			buildSettings = {
				CODE_SIGN_STYLE = Automatic;
				PRODUCT_NAME = "$(TARGET_NAME)";
				SWIFT_VERSION = 5.0;
			};
			name = Debug;
		};
		C53A908826D1ED7A004109B1 /* Release */ = {
			isa = XCBuildConfiguration;
			buildSettings = {
				CODE_SIGN_STYLE = Automatic;
				PRODUCT_NAME = "$(TARGET_NAME)";
				SWIFT_VERSION = 5.0;
			};
			name = Release;
		};
		C53A909226D1EE0B004109B1 /* Debug */ = {
			isa = XCBuildConfiguration;
			buildSettings = {
				CODE_SIGN_STYLE = Automatic;
				PRODUCT_NAME = "$(TARGET_NAME)";
				SWIFT_VERSION = 5.0;
			};
			name = Debug;
		};
		C53A909326D1EE0B004109B1 /* Release */ = {
			isa = XCBuildConfiguration;
			buildSettings = {
				CODE_SIGN_STYLE = Automatic;
				PRODUCT_NAME = "$(TARGET_NAME)";
				SWIFT_VERSION = 5.0;
			};
			name = Release;
		};
		C53A909D26D1EE7C004109B1 /* Debug */ = {
			isa = XCBuildConfiguration;
			buildSettings = {
				CODE_SIGN_STYLE = Automatic;
				PRODUCT_NAME = "$(TARGET_NAME)";
				SWIFT_VERSION = 5.0;
			};
			name = Debug;
		};
		C53A909E26D1EE7C004109B1 /* Release */ = {
			isa = XCBuildConfiguration;
			buildSettings = {
				CODE_SIGN_STYLE = Automatic;
				PRODUCT_NAME = "$(TARGET_NAME)";
				SWIFT_VERSION = 5.0;
			};
			name = Release;
		};
		C53A90A826D1F0E1004109B1 /* Debug */ = {
			isa = XCBuildConfiguration;
			buildSettings = {
				CODE_SIGN_STYLE = Automatic;
				PRODUCT_NAME = "$(TARGET_NAME)";
				SWIFT_VERSION = 5.0;
			};
			name = Debug;
		};
		C53A90A926D1F0E1004109B1 /* Release */ = {
			isa = XCBuildConfiguration;
			buildSettings = {
				CODE_SIGN_STYLE = Automatic;
				PRODUCT_NAME = "$(TARGET_NAME)";
				SWIFT_VERSION = 5.0;
			};
			name = Release;
		};
		C5656FCE26DA7A39009013D6 /* Debug */ = {
			isa = XCBuildConfiguration;
			buildSettings = {
				CODE_SIGN_STYLE = Automatic;
				PRODUCT_NAME = "$(TARGET_NAME)";
				SWIFT_VERSION = 5.0;
			};
			name = Debug;
		};
		C5656FCF26DA7A39009013D6 /* Release */ = {
			isa = XCBuildConfiguration;
			buildSettings = {
				CODE_SIGN_STYLE = Automatic;
				PRODUCT_NAME = "$(TARGET_NAME)";
				SWIFT_VERSION = 5.0;
			};
			name = Release;
		};
		C5656FD926DD0B63009013D6 /* Debug */ = {
			isa = XCBuildConfiguration;
			buildSettings = {
				CODE_SIGN_STYLE = Automatic;
				PRODUCT_NAME = "$(TARGET_NAME)";
				SWIFT_VERSION = 5.0;
			};
			name = Debug;
		};
		C5656FDA26DD0B63009013D6 /* Release */ = {
			isa = XCBuildConfiguration;
			buildSettings = {
				CODE_SIGN_STYLE = Automatic;
				PRODUCT_NAME = "$(TARGET_NAME)";
				SWIFT_VERSION = 5.0;
			};
			name = Release;
		};
		C5656FE526DFC8C3009013D6 /* Debug */ = {
			isa = XCBuildConfiguration;
			buildSettings = {
				CODE_SIGN_STYLE = Automatic;
				PRODUCT_NAME = "$(TARGET_NAME)";
				SWIFT_VERSION = 5.0;
			};
			name = Debug;
		};
		C5656FE626DFC8C3009013D6 /* Release */ = {
			isa = XCBuildConfiguration;
			buildSettings = {
				CODE_SIGN_STYLE = Automatic;
				PRODUCT_NAME = "$(TARGET_NAME)";
				SWIFT_VERSION = 5.0;
			};
			name = Release;
		};
		C5656FF026E1179F009013D6 /* Debug */ = {
			isa = XCBuildConfiguration;
			buildSettings = {
				CODE_SIGN_STYLE = Automatic;
				PRODUCT_NAME = "$(TARGET_NAME)";
				SWIFT_VERSION = 5.0;
			};
			name = Debug;
		};
		C5656FF126E1179F009013D6 /* Release */ = {
			isa = XCBuildConfiguration;
			buildSettings = {
				CODE_SIGN_STYLE = Automatic;
				PRODUCT_NAME = "$(TARGET_NAME)";
				SWIFT_VERSION = 5.0;
			};
			name = Release;
		};
		C5656FFB26E268D4009013D6 /* Debug */ = {
			isa = XCBuildConfiguration;
			buildSettings = {
				CODE_SIGN_STYLE = Automatic;
				PRODUCT_NAME = "$(TARGET_NAME)";
				SWIFT_VERSION = 5.0;
			};
			name = Debug;
		};
		C5656FFC26E268D4009013D6 /* Release */ = {
			isa = XCBuildConfiguration;
			buildSettings = {
				CODE_SIGN_STYLE = Automatic;
				PRODUCT_NAME = "$(TARGET_NAME)";
				SWIFT_VERSION = 5.0;
			};
			name = Release;
		};
		C565700626E36CA1009013D6 /* Debug */ = {
			isa = XCBuildConfiguration;
			buildSettings = {
				CODE_SIGN_STYLE = Automatic;
				PRODUCT_NAME = "$(TARGET_NAME)";
				SWIFT_VERSION = 5.0;
			};
			name = Debug;
		};
		C565700726E36CA1009013D6 /* Release */ = {
			isa = XCBuildConfiguration;
			buildSettings = {
				CODE_SIGN_STYLE = Automatic;
				PRODUCT_NAME = "$(TARGET_NAME)";
				SWIFT_VERSION = 5.0;
			};
			name = Release;
		};
		C565702E26E50792009013D6 /* Debug */ = {
			isa = XCBuildConfiguration;
			buildSettings = {
				CODE_SIGN_STYLE = Automatic;
				PRODUCT_NAME = "$(TARGET_NAME)";
				SWIFT_VERSION = 5.0;
			};
			name = Debug;
		};
		C565702F26E50792009013D6 /* Release */ = {
			isa = XCBuildConfiguration;
			buildSettings = {
				CODE_SIGN_STYLE = Automatic;
				PRODUCT_NAME = "$(TARGET_NAME)";
				SWIFT_VERSION = 5.0;
			};
			name = Release;
		};
		C565703A26E6613F009013D6 /* Debug */ = {
			isa = XCBuildConfiguration;
			buildSettings = {
				CODE_SIGN_STYLE = Automatic;
				PRODUCT_NAME = "$(TARGET_NAME)";
				SWIFT_VERSION = 5.0;
			};
			name = Debug;
		};
		C565703B26E6613F009013D6 /* Release */ = {
			isa = XCBuildConfiguration;
			buildSettings = {
				CODE_SIGN_STYLE = Automatic;
				PRODUCT_NAME = "$(TARGET_NAME)";
				SWIFT_VERSION = 5.0;
			};
			name = Release;
		};
		C565705026E7AF62009013D6 /* Debug */ = {
			isa = XCBuildConfiguration;
			buildSettings = {
				CODE_SIGN_STYLE = Automatic;
				PRODUCT_NAME = "$(TARGET_NAME)";
				SWIFT_VERSION = 5.0;
			};
			name = Debug;
		};
		C565705126E7AF62009013D6 /* Release */ = {
			isa = XCBuildConfiguration;
			buildSettings = {
				CODE_SIGN_STYLE = Automatic;
				PRODUCT_NAME = "$(TARGET_NAME)";
				SWIFT_VERSION = 5.0;
			};
			name = Release;
		};
		C57BFBC526D9239900FA90AB /* Debug */ = {
			isa = XCBuildConfiguration;
			buildSettings = {
				CODE_SIGN_STYLE = Automatic;
				PRODUCT_NAME = "$(TARGET_NAME)";
				SWIFT_VERSION = 5.0;
			};
			name = Debug;
		};
		C57BFBC626D9239900FA90AB /* Release */ = {
			isa = XCBuildConfiguration;
			buildSettings = {
				CODE_SIGN_STYLE = Automatic;
				PRODUCT_NAME = "$(TARGET_NAME)";
				SWIFT_VERSION = 5.0;
			};
			name = Release;
		};
		C5801A5E26D5382F005C69C1 /* Debug */ = {
			isa = XCBuildConfiguration;
			buildSettings = {
				CODE_SIGN_STYLE = Automatic;
				PRODUCT_NAME = "$(TARGET_NAME)";
				SWIFT_VERSION = 5.0;
			};
			name = Debug;
		};
		C5801A5F26D5382F005C69C1 /* Release */ = {
			isa = XCBuildConfiguration;
			buildSettings = {
				CODE_SIGN_STYLE = Automatic;
				PRODUCT_NAME = "$(TARGET_NAME)";
				SWIFT_VERSION = 5.0;
			};
			name = Release;
		};
/* End XCBuildConfiguration section */

/* Begin XCConfigurationList section */
		C53A906F26D1ED49004109B1 /* Build configuration list for PBXProject "Baekjoon" */ = {
			isa = XCConfigurationList;
			buildConfigurations = (
				C53A907926D1ED4A004109B1 /* Debug */,
				C53A907A26D1ED4A004109B1 /* Release */,
			);
			defaultConfigurationIsVisible = 0;
			defaultConfigurationName = Release;
		};
		C53A907B26D1ED4A004109B1 /* Build configuration list for PBXNativeTarget "Baekjoon" */ = {
			isa = XCConfigurationList;
			buildConfigurations = (
				C53A907C26D1ED4A004109B1 /* Debug */,
				C53A907D26D1ED4A004109B1 /* Release */,
			);
			defaultConfigurationIsVisible = 0;
			defaultConfigurationName = Release;
		};
		C53A908626D1ED7A004109B1 /* Build configuration list for PBXNativeTarget "10172" */ = {
			isa = XCConfigurationList;
			buildConfigurations = (
				C53A908726D1ED7A004109B1 /* Debug */,
				C53A908826D1ED7A004109B1 /* Release */,
			);
			defaultConfigurationIsVisible = 0;
			defaultConfigurationName = Release;
		};
		C53A909126D1EE0B004109B1 /* Build configuration list for PBXNativeTarget "10869" */ = {
			isa = XCConfigurationList;
			buildConfigurations = (
				C53A909226D1EE0B004109B1 /* Debug */,
				C53A909326D1EE0B004109B1 /* Release */,
			);
			defaultConfigurationIsVisible = 0;
			defaultConfigurationName = Release;
		};
		C53A909C26D1EE7C004109B1 /* Build configuration list for PBXNativeTarget "2588" */ = {
			isa = XCConfigurationList;
			buildConfigurations = (
				C53A909D26D1EE7C004109B1 /* Debug */,
				C53A909E26D1EE7C004109B1 /* Release */,
			);
			defaultConfigurationIsVisible = 0;
			defaultConfigurationName = Release;
		};
		C53A90A726D1F0E1004109B1 /* Build configuration list for PBXNativeTarget "1330" */ = {
			isa = XCConfigurationList;
			buildConfigurations = (
				C53A90A826D1F0E1004109B1 /* Debug */,
				C53A90A926D1F0E1004109B1 /* Release */,
			);
			defaultConfigurationIsVisible = 0;
			defaultConfigurationName = Release;
		};
		C5656FD026DA7A39009013D6 /* Build configuration list for PBXNativeTarget "11729" */ = {
			isa = XCConfigurationList;
			buildConfigurations = (
				C5656FCE26DA7A39009013D6 /* Debug */,
				C5656FCF26DA7A39009013D6 /* Release */,
			);
			defaultConfigurationIsVisible = 0;
			defaultConfigurationName = Release;
		};
		C5656FDB26DD0B63009013D6 /* Build configuration list for PBXNativeTarget "2750" */ = {
			isa = XCConfigurationList;
			buildConfigurations = (
				C5656FD926DD0B63009013D6 /* Debug */,
				C5656FDA26DD0B63009013D6 /* Release */,
			);
			defaultConfigurationIsVisible = 0;
			defaultConfigurationName = Release;
		};
		C5656FE426DFC8C3009013D6 /* Build configuration list for PBXNativeTarget "2292" */ = {
			isa = XCConfigurationList;
			buildConfigurations = (
				C5656FE526DFC8C3009013D6 /* Debug */,
				C5656FE626DFC8C3009013D6 /* Release */,
			);
			defaultConfigurationIsVisible = 0;
			defaultConfigurationName = Release;
		};
		C5656FEF26E1179F009013D6 /* Build configuration list for PBXNativeTarget "1929" */ = {
			isa = XCConfigurationList;
			buildConfigurations = (
				C5656FF026E1179F009013D6 /* Debug */,
				C5656FF126E1179F009013D6 /* Release */,
			);
			defaultConfigurationIsVisible = 0;
			defaultConfigurationName = Release;
		};
		C5656FFA26E268D4009013D6 /* Build configuration list for PBXNativeTarget "11653" */ = {
			isa = XCConfigurationList;
			buildConfigurations = (
				C5656FFB26E268D4009013D6 /* Debug */,
				C5656FFC26E268D4009013D6 /* Release */,
			);
			defaultConfigurationIsVisible = 0;
			defaultConfigurationName = Release;
		};
		C565700526E36CA1009013D6 /* Build configuration list for PBXNativeTarget "2798" */ = {
			isa = XCConfigurationList;
			buildConfigurations = (
				C565700626E36CA1009013D6 /* Debug */,
				C565700726E36CA1009013D6 /* Release */,
			);
			defaultConfigurationIsVisible = 0;
			defaultConfigurationName = Release;
		};
		C565703026E50792009013D6 /* Build configuration list for PBXNativeTarget "10757" */ = {
			isa = XCConfigurationList;
			buildConfigurations = (
				C565702E26E50792009013D6 /* Debug */,
				C565702F26E50792009013D6 /* Release */,
			);
			defaultConfigurationIsVisible = 0;
			defaultConfigurationName = Release;
		};
		C565703926E6613F009013D6 /* Build configuration list for PBXNativeTarget "10870" */ = {
			isa = XCConfigurationList;
			buildConfigurations = (
				C565703A26E6613F009013D6 /* Debug */,
				C565703B26E6613F009013D6 /* Release */,
			);
			defaultConfigurationIsVisible = 0;
			defaultConfigurationName = Release;
		};
		C565704F26E7AF62009013D6 /* Build configuration list for PBXNativeTarget "4948" */ = {
			isa = XCConfigurationList;
			buildConfigurations = (
				C565705026E7AF62009013D6 /* Debug */,
				C565705126E7AF62009013D6 /* Release */,
			);
			defaultConfigurationIsVisible = 0;
			defaultConfigurationName = Release;
		};
		C57BFBC726D9239900FA90AB /* Build configuration list for PBXNativeTarget "2751" */ = {
			isa = XCConfigurationList;
			buildConfigurations = (
				C57BFBC526D9239900FA90AB /* Debug */,
				C57BFBC626D9239900FA90AB /* Release */,
			);
			defaultConfigurationIsVisible = 0;
			defaultConfigurationName = Release;
		};
		C5801A6026D5382F005C69C1 /* Build configuration list for PBXNativeTarget "11021" */ = {
			isa = XCConfigurationList;
			buildConfigurations = (
				C5801A5E26D5382F005C69C1 /* Debug */,
				C5801A5F26D5382F005C69C1 /* Release */,
			);
			defaultConfigurationIsVisible = 0;
			defaultConfigurationName = Release;
		};
/* End XCConfigurationList section */
	};
	rootObject = C53A906C26D1ED49004109B1 /* Project object */;
}
