// !$*UTF8*$!
{
	archiveVersion = 1;
	classes = {
	};
	objectVersion = 50;
	objects = {

/* Begin PBXBuildFile section */
		C5801A2426D3B2F7005C69C1 /* main.swift in Sources */ = {isa = PBXBuildFile; fileRef = C5801A2326D3B2F7005C69C1 /* main.swift */; };
		C5801A3126D3B315005C69C1 /* main.swift in Sources */ = {isa = PBXBuildFile; fileRef = C5801A3026D3B315005C69C1 /* main.swift */; };
		C5801A3C26D52C41005C69C1 /* main.swift in Sources */ = {isa = PBXBuildFile; fileRef = C5801A3B26D52C41005C69C1 /* main.swift */; };
		C5801A4726D52D38005C69C1 /* main.swift in Sources */ = {isa = PBXBuildFile; fileRef = C5801A4626D52D38005C69C1 /* main.swift */; };
		C5801A5226D52EFC005C69C1 /* main.swift in Sources */ = {isa = PBXBuildFile; fileRef = C5801A5126D52EFC005C69C1 /* main.swift */; };
/* End PBXBuildFile section */

/* Begin PBXCopyFilesBuildPhase section */
		C5801A1E26D3B2F6005C69C1 /* CopyFiles */ = {
			isa = PBXCopyFilesBuildPhase;
			buildActionMask = 2147483647;
			dstPath = /usr/share/man/man1/;
			dstSubfolderSpec = 0;
			files = (
			);
			runOnlyForDeploymentPostprocessing = 1;
		};
		C5801A2C26D3B315005C69C1 /* CopyFiles */ = {
			isa = PBXCopyFilesBuildPhase;
			buildActionMask = 2147483647;
			dstPath = /usr/share/man/man1/;
			dstSubfolderSpec = 0;
			files = (
			);
			runOnlyForDeploymentPostprocessing = 1;
		};
		C5801A3726D52C41005C69C1 /* CopyFiles */ = {
			isa = PBXCopyFilesBuildPhase;
			buildActionMask = 2147483647;
			dstPath = /usr/share/man/man1/;
			dstSubfolderSpec = 0;
			files = (
			);
			runOnlyForDeploymentPostprocessing = 1;
		};
		C5801A4226D52D38005C69C1 /* CopyFiles */ = {
			isa = PBXCopyFilesBuildPhase;
			buildActionMask = 2147483647;
			dstPath = /usr/share/man/man1/;
			dstSubfolderSpec = 0;
			files = (
			);
			runOnlyForDeploymentPostprocessing = 1;
		};
		C5801A4D26D52EFC005C69C1 /* CopyFiles */ = {
			isa = PBXCopyFilesBuildPhase;
			buildActionMask = 2147483647;
			dstPath = /usr/share/man/man1/;
			dstSubfolderSpec = 0;
			files = (
			);
			runOnlyForDeploymentPostprocessing = 1;
		};
/* End PBXCopyFilesBuildPhase section */

/* Begin PBXFileReference section */
		C5801A2026D3B2F7005C69C1 /* Basic */ = {isa = PBXFileReference; explicitFileType = "compiled.mach-o.executable"; includeInIndex = 0; path = Basic; sourceTree = BUILT_PRODUCTS_DIR; };
		C5801A2326D3B2F7005C69C1 /* main.swift */ = {isa = PBXFileReference; lastKnownFileType = sourcecode.swift; path = main.swift; sourceTree = "<group>"; };
		C5801A2E26D3B315005C69C1 /* struct */ = {isa = PBXFileReference; explicitFileType = "compiled.mach-o.executable"; includeInIndex = 0; path = struct; sourceTree = BUILT_PRODUCTS_DIR; };
		C5801A3026D3B315005C69C1 /* main.swift */ = {isa = PBXFileReference; lastKnownFileType = sourcecode.swift; path = main.swift; sourceTree = "<group>"; };
		C5801A3926D52C41005C69C1 /* class */ = {isa = PBXFileReference; explicitFileType = "compiled.mach-o.executable"; includeInIndex = 0; path = class; sourceTree = BUILT_PRODUCTS_DIR; };
		C5801A3B26D52C41005C69C1 /* main.swift */ = {isa = PBXFileReference; lastKnownFileType = sourcecode.swift; path = main.swift; sourceTree = "<group>"; };
		C5801A4426D52D38005C69C1 /* enumerations */ = {isa = PBXFileReference; explicitFileType = "compiled.mach-o.executable"; includeInIndex = 0; path = enumerations; sourceTree = BUILT_PRODUCTS_DIR; };
		C5801A4626D52D38005C69C1 /* main.swift */ = {isa = PBXFileReference; lastKnownFileType = sourcecode.swift; path = main.swift; sourceTree = "<group>"; };
		C5801A4F26D52EFC005C69C1 /* struct_VS_class */ = {isa = PBXFileReference; explicitFileType = "compiled.mach-o.executable"; includeInIndex = 0; path = struct_VS_class; sourceTree = BUILT_PRODUCTS_DIR; };
		C5801A5126D52EFC005C69C1 /* main.swift */ = {isa = PBXFileReference; lastKnownFileType = sourcecode.swift; path = main.swift; sourceTree = "<group>"; };
/* End PBXFileReference section */

/* Begin PBXFrameworksBuildPhase section */
		C5801A1D26D3B2F6005C69C1 /* Frameworks */ = {
			isa = PBXFrameworksBuildPhase;
			buildActionMask = 2147483647;
			files = (
			);
			runOnlyForDeploymentPostprocessing = 0;
		};
		C5801A2B26D3B315005C69C1 /* Frameworks */ = {
			isa = PBXFrameworksBuildPhase;
			buildActionMask = 2147483647;
			files = (
			);
			runOnlyForDeploymentPostprocessing = 0;
		};
		C5801A3626D52C41005C69C1 /* Frameworks */ = {
			isa = PBXFrameworksBuildPhase;
			buildActionMask = 2147483647;
			files = (
			);
			runOnlyForDeploymentPostprocessing = 0;
		};
		C5801A4126D52D38005C69C1 /* Frameworks */ = {
			isa = PBXFrameworksBuildPhase;
			buildActionMask = 2147483647;
			files = (
			);
			runOnlyForDeploymentPostprocessing = 0;
		};
		C5801A4C26D52EFC005C69C1 /* Frameworks */ = {
			isa = PBXFrameworksBuildPhase;
			buildActionMask = 2147483647;
			files = (
			);
			runOnlyForDeploymentPostprocessing = 0;
		};
/* End PBXFrameworksBuildPhase section */

/* Begin PBXGroup section */
		C5801A1726D3B2F6005C69C1 = {
			isa = PBXGroup;
			children = (
				C5801A2226D3B2F7005C69C1 /* Basic */,
				C5801A2F26D3B315005C69C1 /* struct */,
				C5801A3A26D52C41005C69C1 /* class */,
				C5801A4526D52D38005C69C1 /* enumerations */,
				C5801A5026D52EFC005C69C1 /* struct_VS_class */,
				C5801A2126D3B2F7005C69C1 /* Products */,
			);
			sourceTree = "<group>";
		};
		C5801A2126D3B2F7005C69C1 /* Products */ = {
			isa = PBXGroup;
			children = (
				C5801A2026D3B2F7005C69C1 /* Basic */,
				C5801A2E26D3B315005C69C1 /* struct */,
				C5801A3926D52C41005C69C1 /* class */,
				C5801A4426D52D38005C69C1 /* enumerations */,
				C5801A4F26D52EFC005C69C1 /* struct_VS_class */,
			);
			name = Products;
			sourceTree = "<group>";
		};
		C5801A2226D3B2F7005C69C1 /* Basic */ = {
			isa = PBXGroup;
			children = (
				C5801A2326D3B2F7005C69C1 /* main.swift */,
			);
			path = Basic;
			sourceTree = "<group>";
		};
		C5801A2F26D3B315005C69C1 /* struct */ = {
			isa = PBXGroup;
			children = (
				C5801A3026D3B315005C69C1 /* main.swift */,
			);
			path = struct;
			sourceTree = "<group>";
		};
		C5801A3A26D52C41005C69C1 /* class */ = {
			isa = PBXGroup;
			children = (
				C5801A3B26D52C41005C69C1 /* main.swift */,
			);
			path = class;
			sourceTree = "<group>";
		};
		C5801A4526D52D38005C69C1 /* enumerations */ = {
			isa = PBXGroup;
			children = (
				C5801A4626D52D38005C69C1 /* main.swift */,
			);
			path = enumerations;
			sourceTree = "<group>";
		};
		C5801A5026D52EFC005C69C1 /* struct_VS_class */ = {
			isa = PBXGroup;
			children = (
				C5801A5126D52EFC005C69C1 /* main.swift */,
			);
			path = struct_VS_class;
			sourceTree = "<group>";
		};
/* End PBXGroup section */

/* Begin PBXNativeTarget section */
		C5801A1F26D3B2F6005C69C1 /* Basic */ = {
			isa = PBXNativeTarget;
			buildConfigurationList = C5801A2726D3B2F7005C69C1 /* Build configuration list for PBXNativeTarget "Basic" */;
			buildPhases = (
				C5801A1C26D3B2F6005C69C1 /* Sources */,
				C5801A1D26D3B2F6005C69C1 /* Frameworks */,
				C5801A1E26D3B2F6005C69C1 /* CopyFiles */,
			);
			buildRules = (
			);
			dependencies = (
			);
			name = Basic;
			productName = Basic;
			productReference = C5801A2026D3B2F7005C69C1 /* Basic */;
			productType = "com.apple.product-type.tool";
		};
		C5801A2D26D3B315005C69C1 /* struct */ = {
			isa = PBXNativeTarget;
			buildConfigurationList = C5801A3226D3B315005C69C1 /* Build configuration list for PBXNativeTarget "struct" */;
			buildPhases = (
				C5801A2A26D3B315005C69C1 /* Sources */,
				C5801A2B26D3B315005C69C1 /* Frameworks */,
				C5801A2C26D3B315005C69C1 /* CopyFiles */,
			);
			buildRules = (
			);
			dependencies = (
			);
			name = struct;
			productName = struct;
			productReference = C5801A2E26D3B315005C69C1 /* struct */;
			productType = "com.apple.product-type.tool";
		};
		C5801A3826D52C41005C69C1 /* class */ = {
			isa = PBXNativeTarget;
			buildConfigurationList = C5801A3F26D52C41005C69C1 /* Build configuration list for PBXNativeTarget "class" */;
			buildPhases = (
				C5801A3526D52C41005C69C1 /* Sources */,
				C5801A3626D52C41005C69C1 /* Frameworks */,
				C5801A3726D52C41005C69C1 /* CopyFiles */,
			);
			buildRules = (
			);
			dependencies = (
			);
			name = class;
			productName = class;
			productReference = C5801A3926D52C41005C69C1 /* class */;
			productType = "com.apple.product-type.tool";
		};
		C5801A4326D52D38005C69C1 /* enumerations */ = {
			isa = PBXNativeTarget;
			buildConfigurationList = C5801A4826D52D38005C69C1 /* Build configuration list for PBXNativeTarget "enumerations" */;
			buildPhases = (
				C5801A4026D52D38005C69C1 /* Sources */,
				C5801A4126D52D38005C69C1 /* Frameworks */,
				C5801A4226D52D38005C69C1 /* CopyFiles */,
			);
			buildRules = (
			);
			dependencies = (
			);
			name = enumerations;
			productName = enumerations;
			productReference = C5801A4426D52D38005C69C1 /* enumerations */;
			productType = "com.apple.product-type.tool";
		};
		C5801A4E26D52EFC005C69C1 /* struct_VS_class */ = {
			isa = PBXNativeTarget;
			buildConfigurationList = C5801A5326D52EFC005C69C1 /* Build configuration list for PBXNativeTarget "struct_VS_class" */;
			buildPhases = (
				C5801A4B26D52EFC005C69C1 /* Sources */,
				C5801A4C26D52EFC005C69C1 /* Frameworks */,
				C5801A4D26D52EFC005C69C1 /* CopyFiles */,
			);
			buildRules = (
			);
			dependencies = (
			);
			name = struct_VS_class;
			productName = struct_VS_class;
			productReference = C5801A4F26D52EFC005C69C1 /* struct_VS_class */;
			productType = "com.apple.product-type.tool";
		};
/* End PBXNativeTarget section */

/* Begin PBXProject section */
		C5801A1826D3B2F6005C69C1 /* Project object */ = {
			isa = PBXProject;
			attributes = {
				LastSwiftUpdateCheck = 1250;
				LastUpgradeCheck = 1250;
				TargetAttributes = {
					C5801A1F26D3B2F6005C69C1 = {
						CreatedOnToolsVersion = 12.5.1;
					};
					C5801A2D26D3B315005C69C1 = {
						CreatedOnToolsVersion = 12.5.1;
					};
					C5801A3826D52C41005C69C1 = {
						CreatedOnToolsVersion = 12.5.1;
					};
					C5801A4326D52D38005C69C1 = {
						CreatedOnToolsVersion = 12.5.1;
					};
					C5801A4E26D52EFC005C69C1 = {
						CreatedOnToolsVersion = 12.5.1;
					};
				};
			};
			buildConfigurationList = C5801A1B26D3B2F6005C69C1 /* Build configuration list for PBXProject "Basic" */;
			compatibilityVersion = "Xcode 9.3";
			developmentRegion = en;
			hasScannedForEncodings = 0;
			knownRegions = (
				en,
				Base,
			);
			mainGroup = C5801A1726D3B2F6005C69C1;
			productRefGroup = C5801A2126D3B2F7005C69C1 /* Products */;
			projectDirPath = "";
			projectRoot = "";
			targets = (
				C5801A1F26D3B2F6005C69C1 /* Basic */,
				C5801A2D26D3B315005C69C1 /* struct */,
				C5801A3826D52C41005C69C1 /* class */,
				C5801A4326D52D38005C69C1 /* enumerations */,
				C5801A4E26D52EFC005C69C1 /* struct_VS_class */,
			);
		};
/* End PBXProject section */

/* Begin PBXSourcesBuildPhase section */
		C5801A1C26D3B2F6005C69C1 /* Sources */ = {
			isa = PBXSourcesBuildPhase;
			buildActionMask = 2147483647;
			files = (
				C5801A2426D3B2F7005C69C1 /* main.swift in Sources */,
			);
			runOnlyForDeploymentPostprocessing = 0;
		};
		C5801A2A26D3B315005C69C1 /* Sources */ = {
			isa = PBXSourcesBuildPhase;
			buildActionMask = 2147483647;
			files = (
				C5801A3126D3B315005C69C1 /* main.swift in Sources */,
			);
			runOnlyForDeploymentPostprocessing = 0;
		};
		C5801A3526D52C41005C69C1 /* Sources */ = {
			isa = PBXSourcesBuildPhase;
			buildActionMask = 2147483647;
			files = (
				C5801A3C26D52C41005C69C1 /* main.swift in Sources */,
			);
			runOnlyForDeploymentPostprocessing = 0;
		};
		C5801A4026D52D38005C69C1 /* Sources */ = {
			isa = PBXSourcesBuildPhase;
			buildActionMask = 2147483647;
			files = (
				C5801A4726D52D38005C69C1 /* main.swift in Sources */,
			);
			runOnlyForDeploymentPostprocessing = 0;
		};
		C5801A4B26D52EFC005C69C1 /* Sources */ = {
			isa = PBXSourcesBuildPhase;
			buildActionMask = 2147483647;
			files = (
				C5801A5226D52EFC005C69C1 /* main.swift in Sources */,
			);
			runOnlyForDeploymentPostprocessing = 0;
		};
/* End PBXSourcesBuildPhase section */

/* Begin XCBuildConfiguration section */
		C5801A2526D3B2F7005C69C1 /* Debug */ = {
			isa = XCBuildConfiguration;
			buildSettings = {
				ALWAYS_SEARCH_USER_PATHS = NO;
				CLANG_ANALYZER_NONNULL = YES;
				CLANG_ANALYZER_NUMBER_OBJECT_CONVERSION = YES_AGGRESSIVE;
				CLANG_CXX_LANGUAGE_STANDARD = "gnu++14";
				CLANG_CXX_LIBRARY = "libc++";
				CLANG_ENABLE_MODULES = YES;
				CLANG_ENABLE_OBJC_ARC = YES;
				CLANG_ENABLE_OBJC_WEAK = YES;
				CLANG_WARN_BLOCK_CAPTURE_AUTORELEASING = YES;
				CLANG_WARN_BOOL_CONVERSION = YES;
				CLANG_WARN_COMMA = YES;
				CLANG_WARN_CONSTANT_CONVERSION = YES;
				CLANG_WARN_DEPRECATED_OBJC_IMPLEMENTATIONS = YES;
				CLANG_WARN_DIRECT_OBJC_ISA_USAGE = YES_ERROR;
				CLANG_WARN_DOCUMENTATION_COMMENTS = YES;
				CLANG_WARN_EMPTY_BODY = YES;
				CLANG_WARN_ENUM_CONVERSION = YES;
				CLANG_WARN_INFINITE_RECURSION = YES;
				CLANG_WARN_INT_CONVERSION = YES;
				CLANG_WARN_NON_LITERAL_NULL_CONVERSION = YES;
				CLANG_WARN_OBJC_IMPLICIT_RETAIN_SELF = YES;
				CLANG_WARN_OBJC_LITERAL_CONVERSION = YES;
				CLANG_WARN_OBJC_ROOT_CLASS = YES_ERROR;
				CLANG_WARN_QUOTED_INCLUDE_IN_FRAMEWORK_HEADER = YES;
				CLANG_WARN_RANGE_LOOP_ANALYSIS = YES;
				CLANG_WARN_STRICT_PROTOTYPES = YES;
				CLANG_WARN_SUSPICIOUS_MOVE = YES;
				CLANG_WARN_UNGUARDED_AVAILABILITY = YES_AGGRESSIVE;
				CLANG_WARN_UNREACHABLE_CODE = YES;
				CLANG_WARN__DUPLICATE_METHOD_MATCH = YES;
				COPY_PHASE_STRIP = NO;
				DEBUG_INFORMATION_FORMAT = dwarf;
				ENABLE_STRICT_OBJC_MSGSEND = YES;
				ENABLE_TESTABILITY = YES;
				GCC_C_LANGUAGE_STANDARD = gnu11;
				GCC_DYNAMIC_NO_PIC = NO;
				GCC_NO_COMMON_BLOCKS = YES;
				GCC_OPTIMIZATION_LEVEL = 0;
				GCC_PREPROCESSOR_DEFINITIONS = (
					"DEBUG=1",
					"$(inherited)",
				);
				GCC_WARN_64_TO_32_BIT_CONVERSION = YES;
				GCC_WARN_ABOUT_RETURN_TYPE = YES_ERROR;
				GCC_WARN_UNDECLARED_SELECTOR = YES;
				GCC_WARN_UNINITIALIZED_AUTOS = YES_AGGRESSIVE;
				GCC_WARN_UNUSED_FUNCTION = YES;
				GCC_WARN_UNUSED_VARIABLE = YES;
				MACOSX_DEPLOYMENT_TARGET = 11.3;
				MTL_ENABLE_DEBUG_INFO = INCLUDE_SOURCE;
				MTL_FAST_MATH = YES;
				ONLY_ACTIVE_ARCH = YES;
				SDKROOT = macosx;
				SWIFT_ACTIVE_COMPILATION_CONDITIONS = DEBUG;
				SWIFT_OPTIMIZATION_LEVEL = "-Onone";
			};
			name = Debug;
		};
		C5801A2626D3B2F7005C69C1 /* Release */ = {
			isa = XCBuildConfiguration;
			buildSettings = {
				ALWAYS_SEARCH_USER_PATHS = NO;
				CLANG_ANALYZER_NONNULL = YES;
				CLANG_ANALYZER_NUMBER_OBJECT_CONVERSION = YES_AGGRESSIVE;
				CLANG_CXX_LANGUAGE_STANDARD = "gnu++14";
				CLANG_CXX_LIBRARY = "libc++";
				CLANG_ENABLE_MODULES = YES;
				CLANG_ENABLE_OBJC_ARC = YES;
				CLANG_ENABLE_OBJC_WEAK = YES;
				CLANG_WARN_BLOCK_CAPTURE_AUTORELEASING = YES;
				CLANG_WARN_BOOL_CONVERSION = YES;
				CLANG_WARN_COMMA = YES;
				CLANG_WARN_CONSTANT_CONVERSION = YES;
				CLANG_WARN_DEPRECATED_OBJC_IMPLEMENTATIONS = YES;
				CLANG_WARN_DIRECT_OBJC_ISA_USAGE = YES_ERROR;
				CLANG_WARN_DOCUMENTATION_COMMENTS = YES;
				CLANG_WARN_EMPTY_BODY = YES;
				CLANG_WARN_ENUM_CONVERSION = YES;
				CLANG_WARN_INFINITE_RECURSION = YES;
				CLANG_WARN_INT_CONVERSION = YES;
				CLANG_WARN_NON_LITERAL_NULL_CONVERSION = YES;
				CLANG_WARN_OBJC_IMPLICIT_RETAIN_SELF = YES;
				CLANG_WARN_OBJC_LITERAL_CONVERSION = YES;
				CLANG_WARN_OBJC_ROOT_CLASS = YES_ERROR;
				CLANG_WARN_QUOTED_INCLUDE_IN_FRAMEWORK_HEADER = YES;
				CLANG_WARN_RANGE_LOOP_ANALYSIS = YES;
				CLANG_WARN_STRICT_PROTOTYPES = YES;
				CLANG_WARN_SUSPICIOUS_MOVE = YES;
				CLANG_WARN_UNGUARDED_AVAILABILITY = YES_AGGRESSIVE;
				CLANG_WARN_UNREACHABLE_CODE = YES;
				CLANG_WARN__DUPLICATE_METHOD_MATCH = YES;
				COPY_PHASE_STRIP = NO;
				DEBUG_INFORMATION_FORMAT = "dwarf-with-dsym";
				ENABLE_NS_ASSERTIONS = NO;
				ENABLE_STRICT_OBJC_MSGSEND = YES;
				GCC_C_LANGUAGE_STANDARD = gnu11;
				GCC_NO_COMMON_BLOCKS = YES;
				GCC_WARN_64_TO_32_BIT_CONVERSION = YES;
				GCC_WARN_ABOUT_RETURN_TYPE = YES_ERROR;
				GCC_WARN_UNDECLARED_SELECTOR = YES;
				GCC_WARN_UNINITIALIZED_AUTOS = YES_AGGRESSIVE;
				GCC_WARN_UNUSED_FUNCTION = YES;
				GCC_WARN_UNUSED_VARIABLE = YES;
				MACOSX_DEPLOYMENT_TARGET = 11.3;
				MTL_ENABLE_DEBUG_INFO = NO;
				MTL_FAST_MATH = YES;
				SDKROOT = macosx;
				SWIFT_COMPILATION_MODE = wholemodule;
				SWIFT_OPTIMIZATION_LEVEL = "-O";
			};
			name = Release;
		};
		C5801A2826D3B2F7005C69C1 /* Debug */ = {
			isa = XCBuildConfiguration;
			buildSettings = {
				CODE_SIGN_STYLE = Automatic;
				PRODUCT_NAME = "$(TARGET_NAME)";
				SWIFT_VERSION = 5.0;
			};
			name = Debug;
		};
		C5801A2926D3B2F7005C69C1 /* Release */ = {
			isa = XCBuildConfiguration;
			buildSettings = {
				CODE_SIGN_STYLE = Automatic;
				PRODUCT_NAME = "$(TARGET_NAME)";
				SWIFT_VERSION = 5.0;
			};
			name = Release;
		};
		C5801A3326D3B315005C69C1 /* Debug */ = {
			isa = XCBuildConfiguration;
			buildSettings = {
				CODE_SIGN_STYLE = Automatic;
				PRODUCT_NAME = "$(TARGET_NAME)";
				SWIFT_VERSION = 5.0;
			};
			name = Debug;
		};
		C5801A3426D3B315005C69C1 /* Release */ = {
			isa = XCBuildConfiguration;
			buildSettings = {
				CODE_SIGN_STYLE = Automatic;
				PRODUCT_NAME = "$(TARGET_NAME)";
				SWIFT_VERSION = 5.0;
			};
			name = Release;
		};
		C5801A3D26D52C41005C69C1 /* Debug */ = {
			isa = XCBuildConfiguration;
			buildSettings = {
				CODE_SIGN_STYLE = Automatic;
				PRODUCT_NAME = "$(TARGET_NAME)";
				SWIFT_VERSION = 5.0;
			};
			name = Debug;
		};
		C5801A3E26D52C41005C69C1 /* Release */ = {
			isa = XCBuildConfiguration;
			buildSettings = {
				CODE_SIGN_STYLE = Automatic;
				PRODUCT_NAME = "$(TARGET_NAME)";
				SWIFT_VERSION = 5.0;
			};
			name = Release;
		};
		C5801A4926D52D38005C69C1 /* Debug */ = {
			isa = XCBuildConfiguration;
			buildSettings = {
				CODE_SIGN_STYLE = Automatic;
				PRODUCT_NAME = "$(TARGET_NAME)";
				SWIFT_VERSION = 5.0;
			};
			name = Debug;
		};
		C5801A4A26D52D38005C69C1 /* Release */ = {
			isa = XCBuildConfiguration;
			buildSettings = {
				CODE_SIGN_STYLE = Automatic;
				PRODUCT_NAME = "$(TARGET_NAME)";
				SWIFT_VERSION = 5.0;
			};
			name = Release;
		};
		C5801A5426D52EFC005C69C1 /* Debug */ = {
			isa = XCBuildConfiguration;
			buildSettings = {
				CODE_SIGN_STYLE = Automatic;
				PRODUCT_NAME = "$(TARGET_NAME)";
				SWIFT_VERSION = 5.0;
			};
			name = Debug;
		};
		C5801A5526D52EFC005C69C1 /* Release */ = {
			isa = XCBuildConfiguration;
			buildSettings = {
				CODE_SIGN_STYLE = Automatic;
				PRODUCT_NAME = "$(TARGET_NAME)";
				SWIFT_VERSION = 5.0;
			};
			name = Release;
		};
/* End XCBuildConfiguration section */

/* Begin XCConfigurationList section */
		C5801A1B26D3B2F6005C69C1 /* Build configuration list for PBXProject "Basic" */ = {
			isa = XCConfigurationList;
			buildConfigurations = (
				C5801A2526D3B2F7005C69C1 /* Debug */,
				C5801A2626D3B2F7005C69C1 /* Release */,
			);
			defaultConfigurationIsVisible = 0;
			defaultConfigurationName = Release;
		};
		C5801A2726D3B2F7005C69C1 /* Build configuration list for PBXNativeTarget "Basic" */ = {
			isa = XCConfigurationList;
			buildConfigurations = (
				C5801A2826D3B2F7005C69C1 /* Debug */,
				C5801A2926D3B2F7005C69C1 /* Release */,
			);
			defaultConfigurationIsVisible = 0;
			defaultConfigurationName = Release;
		};
		C5801A3226D3B315005C69C1 /* Build configuration list for PBXNativeTarget "struct" */ = {
			isa = XCConfigurationList;
			buildConfigurations = (
				C5801A3326D3B315005C69C1 /* Debug */,
				C5801A3426D3B315005C69C1 /* Release */,
			);
			defaultConfigurationIsVisible = 0;
			defaultConfigurationName = Release;
		};
		C5801A3F26D52C41005C69C1 /* Build configuration list for PBXNativeTarget "class" */ = {
			isa = XCConfigurationList;
			buildConfigurations = (
				C5801A3D26D52C41005C69C1 /* Debug */,
				C5801A3E26D52C41005C69C1 /* Release */,
			);
			defaultConfigurationIsVisible = 0;
			defaultConfigurationName = Release;
		};
		C5801A4826D52D38005C69C1 /* Build configuration list for PBXNativeTarget "enumerations" */ = {
			isa = XCConfigurationList;
			buildConfigurations = (
				C5801A4926D52D38005C69C1 /* Debug */,
				C5801A4A26D52D38005C69C1 /* Release */,
			);
			defaultConfigurationIsVisible = 0;
			defaultConfigurationName = Release;
		};
		C5801A5326D52EFC005C69C1 /* Build configuration list for PBXNativeTarget "struct_VS_class" */ = {
			isa = XCConfigurationList;
			buildConfigurations = (
				C5801A5426D52EFC005C69C1 /* Debug */,
				C5801A5526D52EFC005C69C1 /* Release */,
			);
			defaultConfigurationIsVisible = 0;
			defaultConfigurationName = Release;
		};
/* End XCConfigurationList section */
	};
	rootObject = C5801A1826D3B2F6005C69C1 /* Project object */;
}
